
Microsoft Visual Studio Solution File, Format Version 12.00
# Visual Studio Version 17
VisualStudioVersion = 17.5.002.0
MinimumVisualStudioVersion = 10.0.40219.1
Project("{9A19103F-16F7-4668-BE54-9A1E7A4F7556}") = "task1", "task1\task1.csproj", "{534F4006-29CA-49A0-842F-DA43787EC58F}"
EndProject
Project("{9A19103F-16F7-4668-BE54-9A1E7A4F7556}") = "task2", "task2\task2.csproj", "{B1D725A7-561B-4A8B-95A8-1E3805268F1E}"
EndProject
Project("{9A19103F-16F7-4668-BE54-9A1E7A4F7556}") = "task3", "task3\task3.csproj", "{4BCAD860-D548-4712-98EA-770E88DAADE5}"
EndProject
Project("{9A19103F-16F7-4668-BE54-9A1E7A4F7556}") = "task4", "task4\task4.csproj", "{3522097B-4AAB-4412-BF22-3312C32EF4E3}"
EndProject
Global
	GlobalSection(SolutionConfigurationPlatforms) = preSolution
		Debug|Any CPU = Debug|Any CPU
		Release|Any CPU = Release|Any CPU
	EndGlobalSection
	GlobalSection(ProjectConfigurationPlatforms) = postSolution
		{534F4006-29CA-49A0-842F-DA43787EC58F}.Debug|Any CPU.ActiveCfg = Debug|Any CPU
		{534F4006-29CA-49A0-842F-DA43787EC58F}.Debug|Any CPU.Build.0 = Debug|Any CPU
		{534F4006-29CA-49A0-842F-DA43787EC58F}.Release|Any CPU.ActiveCfg = Release|Any CPU
		{534F4006-29CA-49A0-842F-DA43787EC58F}.Release|Any CPU.Build.0 = Release|Any CPU
		{B1D725A7-561B-4A8B-95A8-1E3805268F1E}.Debug|Any CPU.ActiveCfg = Debug|Any CPU
		{B1D725A7-561B-4A8B-95A8-1E3805268F1E}.Debug|Any CPU.Build.0 = Debug|Any CPU
		{B1D725A7-561B-4A8B-95A8-1E3805268F1E}.Release|Any CPU.ActiveCfg = Release|Any CPU
		{B1D725A7-561B-4A8B-95A8-1E3805268F1E}.Release|Any CPU.Build.0 = Release|Any CPU
		{4BCAD860-D548-4712-98EA-770E88DAADE5}.Debug|Any CPU.ActiveCfg = Debug|Any CPU
		{4BCAD860-D548-4712-98EA-770E88DAADE5}.Debug|Any CPU.Build.0 = Debug|Any CPU
		{4BCAD860-D548-4712-98EA-770E88DAADE5}.Release|Any CPU.ActiveCfg = Release|Any CPU
		{4BCAD860-D548-4712-98EA-770E88DAADE5}.Release|Any CPU.Build.0 = Release|Any CPU
		{3522097B-4AAB-4412-BF22-3312C32EF4E3}.Debug|Any CPU.ActiveCfg = Debug|Any CPU
		{3522097B-4AAB-4412-BF22-3312C32EF4E3}.Debug|Any CPU.Build.0 = Debug|Any CPU
		{3522097B-4AAB-4412-BF22-3312C32EF4E3}.Release|Any CPU.ActiveCfg = Release|Any CPU
		{3522097B-4AAB-4412-BF22-3312C32EF4E3}.Release|Any CPU.Build.0 = Release|Any CPU
	EndGlobalSection
	GlobalSection(SolutionProperties) = preSolution
		HideSolutionNode = FALSE
	EndGlobalSection
	GlobalSection(ExtensibilityGlobals) = postSolution
		SolutionGuid = {FC4BA8F4-6DC5-4BE2-8A7E-C226B5476BCF}
	EndGlobalSection
EndGlobal
